{
  "name": "npm",
  "version": "1.0.0",
  "lockfileVersion": 1,
  "requires": true,
  "dependencies": {
    "dayjs": {
      "version": "1.9.3",
      "resolved": "https://registry.npm.taobao.org/dayjs/download/dayjs-1.9.3.tgz?cache=0&sync_timestamp=1602580823000&other_urls=https%3A%2F%2Fregistry.npm.taobao.org%2Fdayjs%2Fdownload%2Fdayjs-1.9.3.tgz",
      "integrity": "sha1-t/lLIq0qE2pMoCoBq2iuiT/homg="
    },
    "nzh": {
      "version": "1.0.4",
      "resolved": "https://registry.npm.taobao.org/nzh/download/nzh-1.0.4.tgz",
      "integrity": "sha1-ve1Uks1xSPpf4cgJ+mGTKomXacU="
    },
    "string-random": {
      "version": "0.1.3",
      "resolved": "https://registry.npm.taobao.org/string-random/download/string-random-0.1.3.tgz",
      "integrity": "sha1-CD85g1wkMP4L52uecvBzbi4Pe3Q="
    }
  }
}
